// !$*UTF8*$!
{
	archiveVersion = 1;
	classes = {
	};
	objectVersion = 46;
	objects = {

/* Begin PBXBuildFile section */
		06A6DD1F19BE1C9100527F99 /* AppDelegate.swift in Sources */ = {isa = PBXBuildFile; fileRef = 06A6DD1E19BE1C9100527F99 /* AppDelegate.swift */; };
		06A6DD2119BE1C9100527F99 /* RootViewController.swift in Sources */ = {isa = PBXBuildFile; fileRef = 06A6DD2019BE1C9100527F99 /* RootViewController.swift */; };
		06A6DD2319BE1C9100527F99 /* DataViewController.swift in Sources */ = {isa = PBXBuildFile; fileRef = 06A6DD2219BE1C9100527F99 /* DataViewController.swift */; };
		06A6DD2519BE1C9100527F99 /* ModelController.swift in Sources */ = {isa = PBXBuildFile; fileRef = 06A6DD2419BE1C9100527F99 /* ModelController.swift */; };
		06A6DD2819BE1C9100527F99 /* Main.storyboard in Resources */ = {isa = PBXBuildFile; fileRef = 06A6DD2619BE1C9100527F99 /* Main.storyboard */; };
		06A6DD2A19BE1C9100527F99 /* Images.xcassets in Resources */ = {isa = PBXBuildFile; fileRef = 06A6DD2919BE1C9100527F99 /* Images.xcassets */; };
		06A6DD3619BE1C9100527F99 /* Project2STests.swift in Sources */ = {isa = PBXBuildFile; fileRef = 06A6DD3519BE1C9100527F99 /* Project2STests.swift */; };
/* End PBXBuildFile section */

/* Begin PBXContainerItemProxy section */
		06A6DD3019BE1C9100527F99 /* PBXContainerItemProxy */ = {
			isa = PBXContainerItemProxy;
			containerPortal = 06A6DD1119BE1C9100527F99 /* Project object */;
			proxyType = 1;
			remoteGlobalIDString = 06A6DD1819BE1C9100527F99;
			remoteInfo = Project2S;
		};
/* End PBXContainerItemProxy section */

/* Begin PBXFileReference section */
		06A6DD1919BE1C9100527F99 /* Project2S.app */ = {isa = PBXFileReference; explicitFileType = wrapper.application; includeInIndex = 0; path = Project2S.app; sourceTree = BUILT_PRODUCTS_DIR; };
		06A6DD1D19BE1C9100527F99 /* Info.plist */ = {isa = PBXFileReference; lastKnownFileType = text.plist.xml; path = Info.plist; sourceTree = "<group>"; };
		06A6DD1E19BE1C9100527F99 /* AppDelegate.swift */ = {isa = PBXFileReference; lastKnownFileType = sourcecode.swift; path = AppDelegate.swift; sourceTree = "<group>"; };
		06A6DD2019BE1C9100527F99 /* RootViewController.swift */ = {isa = PBXFileReference; lastKnownFileType = sourcecode.swift; path = RootViewController.swift; sourceTree = "<group>"; };
		06A6DD2219BE1C9100527F99 /* DataViewController.swift */ = {isa = PBXFileReference; lastKnownFileType = sourcecode.swift; path = DataViewController.swift; sourceTree = "<group>"; };
		06A6DD2419BE1C9100527F99 /* ModelController.swift */ = {isa = PBXFileReference; lastKnownFileType = sourcecode.swift; path = ModelController.swift; sourceTree = "<group>"; };
		06A6DD2719BE1C9100527F99 /* Base */ = {isa = PBXFileReference; lastKnownFileType = file.storyboard; name = Base; path = Base.lproj/Main.storyboard; sourceTree = "<group>"; };
		06A6DD2919BE1C9100527F99 /* Images.xcassets */ = {isa = PBXFileReference; lastKnownFileType = folder.assetcatalog; path = Images.xcassets; sourceTree = "<group>"; };
		06A6DD2F19BE1C9100527F99 /* Project2STests.xctest */ = {isa = PBXFileReference; explicitFileType = wrapper.cfbundle; includeInIndex = 0; path = Project2STests.xctest; sourceTree = BUILT_PRODUCTS_DIR; };
		06A6DD3419BE1C9100527F99 /* Info.plist */ = {isa = PBXFileReference; lastKnownFileType = text.plist.xml; path = Info.plist; sourceTree = "<group>"; };
		06A6DD3519BE1C9100527F99 /* Project2STests.swift */ = {isa = PBXFileReference; lastKnownFileType = sourcecode.swift; path = Project2STests.swift; sourceTree = "<group>"; };
/* End PBXFileReference section */

/* Begin PBXFrameworksBuildPhase section */
		06A6DD1619BE1C9100527F99 /* Frameworks */ = {
			isa = PBXFrameworksBuildPhase;
			buildActionMask = 2147483647;
			files = (
			);
			runOnlyForDeploymentPostprocessing = 0;
		};
		06A6DD2C19BE1C9100527F99 /* Frameworks */ = {
			isa = PBXFrameworksBuildPhase;
			buildActionMask = 2147483647;
			files = (
			);
			runOnlyForDeploymentPostprocessing = 0;
		};
/* End PBXFrameworksBuildPhase section */

/* Begin PBXGroup section */
		06A6DD1019BE1C9100527F99 = {
			isa = PBXGroup;
			children = (
				06A6DD1B19BE1C9100527F99 /* Project2S */,
				06A6DD3219BE1C9100527F99 /* Project2STests */,
				06A6DD1A19BE1C9100527F99 /* Products */,
			);
			sourceTree = "<group>";
		};
		06A6DD1A19BE1C9100527F99 /* Products */ = {
			isa = PBXGroup;
			children = (
				06A6DD1919BE1C9100527F99 /* Project2S.app */,
				06A6DD2F19BE1C9100527F99 /* Project2STests.xctest */,
			);
			name = Products;
			sourceTree = "<group>";
		};
		06A6DD1B19BE1C9100527F99 /* Project2S */ = {
			isa = PBXGroup;
			children = (
				06A6DD1E19BE1C9100527F99 /* AppDelegate.swift */,
				06A6DD2019BE1C9100527F99 /* RootViewController.swift */,
				06A6DD2219BE1C9100527F99 /* DataViewController.swift */,
				06A6DD2419BE1C9100527F99 /* ModelController.swift */,
				06A6DD2619BE1C9100527F99 /* Main.storyboard */,
				06A6DD2919BE1C9100527F99 /* Images.xcassets */,
				06A6DD1C19BE1C9100527F99 /* Supporting Files */,
			);
			path = Project2S;
			sourceTree = "<group>";
		};
		06A6DD1C19BE1C9100527F99 /* Supporting Files */ = {
			isa = PBXGroup;
			children = (
				06A6DD1D19BE1C9100527F99 /* Info.plist */,
			);
			name = "Supporting Files";
			sourceTree = "<group>";
		};
		06A6DD3219BE1C9100527F99 /* Project2STests */ = {
			isa = PBXGroup;
			children = (
				06A6DD3519BE1C9100527F99 /* Project2STests.swift */,
				06A6DD3319BE1C9100527F99 /* Supporting Files */,
			);
			path = Project2STests;
			sourceTree = "<group>";
		};
		06A6DD3319BE1C9100527F99 /* Supporting Files */ = {
			isa = PBXGroup;
			children = (
				06A6DD3419BE1C9100527F99 /* Info.plist */,
			);
			name = "Supporting Files";
			sourceTree = "<group>";
		};
/* End PBXGroup section */

/* Begin PBXNativeTarget section */
		06A6DD1819BE1C9100527F99 /* Project2S */ = {
			isa = PBXNativeTarget;
			buildConfigurationList = 06A6DD3919BE1C9100527F99 /* Build configuration list for PBXNativeTarget "Project2S" */;
			buildPhases = (
				06A6DD1519BE1C9100527F99 /* Sources */,
				06A6DD1619BE1C9100527F99 /* Frameworks */,
				06A6DD1719BE1C9100527F99 /* Resources */,
			);
			buildRules = (
			);
			dependencies = (
			);
			name = Project2S;
			productName = Project2S;
			productReference = 06A6DD1919BE1C9100527F99 /* Project2S.app */;
			productType = "com.apple.product-type.application";
		};
		06A6DD2E19BE1C9100527F99 /* Project2STests */ = {
			isa = PBXNativeTarget;
			buildConfigurationList = 06A6DD3C19BE1C9100527F99 /* Build configuration list for PBXNativeTarget "Project2STests" */;
			buildPhases = (
				06A6DD2B19BE1C9100527F99 /* Sources */,
				06A6DD2C19BE1C9100527F99 /* Frameworks */,
				06A6DD2D19BE1C9100527F99 /* Resources */,
			);
			buildRules = (
			);
			dependencies = (
				06A6DD3119BE1C9100527F99 /* PBXTargetDependency */,
			);
			name = Project2STests;
			productName = Project2STests;
			productReference = 06A6DD2F19BE1C9100527F99 /* Project2STests.xctest */;
			productType = "com.apple.product-type.bundle.unit-test";
		};
/* End PBXNativeTarget section */

/* Begin PBXProject section */
		06A6DD1119BE1C9100527F99 /* Project object */ = {
			isa = PBXProject;
			attributes = {
				LastUpgradeCheck = 0600;
				ORGANIZATIONNAME = Brayton;
				TargetAttributes = {
					06A6DD1819BE1C9100527F99 = {
						CreatedOnToolsVersion = 6.0;
					};
					06A6DD2E19BE1C9100527F99 = {
						CreatedOnToolsVersion = 6.0;
						TestTargetID = 06A6DD1819BE1C9100527F99;
					};
				};
			};
			buildConfigurationList = 06A6DD1419BE1C9100527F99 /* Build configuration list for PBXProject "Project2S" */;
			compatibilityVersion = "Xcode 3.2";
			developmentRegion = English;
			hasScannedForEncodings = 0;
			knownRegions = (
				en,
				Base,
			);
			mainGroup = 06A6DD1019BE1C9100527F99;
			productRefGroup = 06A6DD1A19BE1C9100527F99 /* Products */;
			projectDirPath = "";
			projectRoot = "";
			targets = (
				06A6DD1819BE1C9100527F99 /* Project2S */,
				06A6DD2E19BE1C9100527F99 /* Project2STests */,
			);
		};
/* End PBXProject section */

/* Begin PBXResourcesBuildPhase section */
		06A6DD1719BE1C9100527F99 /* Resources */ = {
			isa = PBXResourcesBuildPhase;
			buildActionMask = 2147483647;
			files = (
				06A6DD2819BE1C9100527F99 /* Main.storyboard in Resources */,
				06A6DD2A19BE1C9100527F99 /* Images.xcassets in Resources */,
			);
			runOnlyForDeploymentPostprocessing = 0;
		};
		06A6DD2D19BE1C9100527F99 /* Resources */ = {
			isa = PBXResourcesBuildPhase;
			buildActionMask = 2147483647;
			files = (
			);
			runOnlyForDeploymentPostprocessing = 0;
		};
/* End PBXResourcesBuildPhase section */

/* Begin PBXSourcesBuildPhase section */
		06A6DD1519BE1C9100527F99 /* Sources */ = {
			isa = PBXSourcesBuildPhase;
			buildActionMask = 2147483647;
			files = (
				06A6DD2119BE1C9100527F99 /* RootViewController.swift in Sources */,
				06A6DD2519BE1C9100527F99 /* ModelController.swift in Sources */,
				06A6DD2319BE1C9100527F99 /* DataViewController.swift in Sources */,
				06A6DD1F19BE1C9100527F99 /* AppDelegate.swift in Sources */,
			);
			runOnlyForDeploymentPostprocessing = 0;
		};
		06A6DD2B19BE1C9100527F99 /* Sources */ = {
			isa = PBXSourcesBuildPhase;
			buildActionMask = 2147483647;
			files = (
				06A6DD3619BE1C9100527F99 /* Project2STests.swift in Sources */,
			);
			runOnlyForDeploymentPostprocessing = 0;
		};
/* End PBXSourcesBuildPhase section */

/* Begin PBXTargetDependency section */
		06A6DD3119BE1C9100527F99 /* PBXTargetDependency */ = {
			isa = PBXTargetDependency;
			target = 06A6DD1819BE1C9100527F99 /* Project2S */;
			targetProxy = 06A6DD3019BE1C9100527F99 /* PBXContainerItemProxy */;
		};
/* End PBXTargetDependency section */

/* Begin PBXVariantGroup section */
		06A6DD2619BE1C9100527F99 /* Main.storyboard */ = {
			isa = PBXVariantGroup;
			children = (
				06A6DD2719BE1C9100527F99 /* Base */,
			);
			name = Main.storyboard;
			sourceTree = "<group>";
		};
/* End PBXVariantGroup section */

/* Begin XCBuildConfiguration section */
		06A6DD3719BE1C9100527F99 /* Debug */ = {
			isa = XCBuildConfiguration;
			buildSettings = {
				ALWAYS_SEARCH_USER_PATHS = NO;
				CLANG_CXX_LANGUAGE_STANDARD = "gnu++0x";
				CLANG_CXX_LIBRARY = "libc++";
				CLANG_ENABLE_MODULES = YES;
				CLANG_ENABLE_OBJC_ARC = YES;
				CLANG_WARN_BOOL_CONVERSION = YES;
				CLANG_WARN_CONSTANT_CONVERSION = YES;
				CLANG_WARN_DIRECT_OBJC_ISA_USAGE = YES_ERROR;
				CLANG_WARN_EMPTY_BODY = YES;
				CLANG_WARN_ENUM_CONVERSION = YES;
				CLANG_WARN_INT_CONVERSION = YES;
				CLANG_WARN_OBJC_ROOT_CLASS = YES_ERROR;
				CLANG_WARN_UNREACHABLE_CODE = YES;
				CLANG_WARN__DUPLICATE_METHOD_MATCH = YES;
				"CODE_SIGN_IDENTITY[sdk=iphoneos*]" = "iPhone Developer";
				COPY_PHASE_STRIP = NO;
				ENABLE_STRICT_OBJC_MSGSEND = YES;
				GCC_C_LANGUAGE_STANDARD = gnu99;
				GCC_DYNAMIC_NO_PIC = NO;
				GCC_OPTIMIZATION_LEVEL = 0;
				GCC_PREPROCESSOR_DEFINITIONS = (
					"DEBUG=1",
					"$(inherited)",
				);
				GCC_SYMBOLS_PRIVATE_EXTERN = NO;
				GCC_WARN_64_TO_32_BIT_CONVERSION = YES;
				GCC_WARN_ABOUT_RETURN_TYPE = YES_ERROR;
				GCC_WARN_UNDECLARED_SELECTOR = YES;
				GCC_WARN_UNINITIALIZED_AUTOS = YES_AGGRESSIVE;
				GCC_WARN_UNUSED_FUNCTION = YES;
				GCC_WARN_UNUSED_VARIABLE = YES;
				IPHONEOS_DEPLOYMENT_TARGET = 8.0;
				MTL_ENABLE_DEBUG_INFO = YES;
				ONLY_ACTIVE_ARCH = YES;
				SDKROOT = iphoneos;
				SWIFT_OPTIMIZATION_LEVEL = "-Onone";
			};
			name = Debug;
		};
		06A6DD3819BE1C9100527F99 /* Release */ = {
			isa = XCBuildConfiguration;
			buildSettings = {
				ALWAYS_SEARCH_USER_PATHS = NO;
				CLANG_CXX_LANGUAGE_STANDARD = "gnu++0x";
				CLANG_CXX_LIBRARY = "libc++";
				CLANG_ENABLE_MODULES = YES;
				CLANG_ENABLE_OBJC_ARC = YES;
				CLANG_WARN_BOOL_CONVERSION = YES;
				CLANG_WARN_CONSTANT_CONVERSION = YES;
				CLANG_WARN_DIRECT_OBJC_ISA_USAGE = YES_ERROR;
				CLANG_WARN_EMPTY_BODY = YES;
				CLANG_WARN_ENUM_CONVERSION = YES;
				CLANG_WARN_INT_CONVERSION = YES;
				CLANG_WARN_OBJC_ROOT_CLASS = YES_ERROR;
				CLANG_WARN_UNREACHABLE_CODE = YES;
				CLANG_WARN__DUPLICATE_METHOD_MATCH = YES;
				"CODE_SIGN_IDENTITY[sdk=iphoneos*]" = "iPhone Developer";
				COPY_PHASE_STRIP = YES;
				ENABLE_NS_ASSERTIONS = NO;
				ENABLE_STRICT_OBJC_MSGSEND = YES;
				GCC_C_LANGUAGE_STANDARD = gnu99;
				GCC_WARN_64_TO_32_BIT_CONVERSION = YES;
				GCC_WARN_ABOUT_RETURN_TYPE = YES_ERROR;
				GCC_WARN_UNDECLARED_SELECTOR = YES;
				GCC_WARN_UNINITIALIZED_AUTOS = YES_AGGRESSIVE;
				GCC_WARN_UNUSED_FUNCTION = YES;
				GCC_WARN_UNUSED_VARIABLE = YES;
				IPHONEOS_DEPLOYMENT_TARGET = 8.0;
				MTL_ENABLE_DEBUG_INFO = NO;
				SDKROOT = iphoneos;
				VALIDATE_PRODUCT = YES;
			};
			name = Release;
		};
		06A6DD3A19BE1C9100527F99 /* Debug */ = {
			isa = XCBuildConfiguration;
			buildSettings = {
				ASSETCATALOG_COMPILER_APPICON_NAME = AppIcon;
				ASSETCATALOG_COMPILER_LAUNCHIMAGE_NAME = LaunchImage;
				INFOPLIST_FILE = Project2S/Info.plist;
				LD_RUNPATH_SEARCH_PATHS = "$(inherited) @executable_path/Frameworks";
				PRODUCT_NAME = "$(TARGET_NAME)";
			};
			name = Debug;
		};
		06A6DD3B19BE1C9100527F99 /* Release */ = {
			isa = XCBuildConfiguration;
			buildSettings = {
				ASSETCATALOG_COMPILER_APPICON_NAME = AppIcon;
				ASSETCATALOG_COMPILER_LAUNCHIMAGE_NAME = LaunchImage;
				INFOPLIST_FILE = Project2S/Info.plist;
				LD_RUNPATH_SEARCH_PATHS = "$(inherited) @executable_path/Frameworks";
				PRODUCT_NAME = "$(TARGET_NAME)";
			};
			name = Release;
		};
		06A6DD3D19BE1C9100527F99 /* Debug */ = {
			isa = XCBuildConfiguration;
			buildSettings = {
				BUNDLE_LOADER = "$(TEST_HOST)";
				FRAMEWORK_SEARCH_PATHS = (
					"$(SDKROOT)/Developer/Library/Frameworks",
					"$(inherited)",
				);
				GCC_PREPROCESSOR_DEFINITIONS = (
					"DEBUG=1",
					"$(inherited)",
				);
				INFOPLIST_FILE = Project2STests/Info.plist;
				LD_RUNPATH_SEARCH_PATHS = "$(inherited) @executable_path/Frameworks @loader_path/Frameworks";
				PRODUCT_NAME = "$(TARGET_NAME)";
				TEST_HOST = "$(BUILT_PRODUCTS_DIR)/Project2S.app/Project2S";
			};
			name = Debug;
		};
		06A6DD3E19BE1C9100527F99 /* Release */ = {
			isa = XCBuildConfiguration;
			buildSettings = {
				BUNDLE_LOADER = "$(TEST_HOST)";
				FRAMEWORK_SEARCH_PATHS = (
					"$(SDKROOT)/Developer/Library/Frameworks",
					"$(inherited)",
				);
				INFOPLIST_FILE = Project2STests/Info.plist;
				LD_RUNPATH_SEARCH_PATHS = "$(inherited) @executable_path/Frameworks @loader_path/Frameworks";
				PRODUCT_NAME = "$(TARGET_NAME)";
				TEST_HOST = "$(BUILT_PRODUCTS_DIR)/Project2S.app/Project2S";
			};
			name = Release;
		};
/* End XCBuildConfiguration section */

/* Begin XCConfigurationList section */
		06A6DD1419BE1C9100527F99 /* Build configuration list for PBXProject "Project2S" */ = {
			isa = XCConfigurationList;
			buildConfigurations = (
				06A6DD3719BE1C9100527F99 /* Debug */,
				06A6DD3819BE1C9100527F99 /* Release */,
			);
			defaultConfigurationIsVisible = 0;
			defaultConfigurationName = Release;
		};
		06A6DD3919BE1C9100527F99 /* Build configuration list for PBXNativeTarget "Project2S" */ = {
			isa = XCConfigurationList;
			buildConfigurations = (
				06A6DD3A19BE1C9100527F99 /* Debug */,
				06A6DD3B19BE1C9100527F99 /* Release */,
			);
			defaultConfigurationIsVisible = 0;
		};
		06A6DD3C19BE1C9100527F99 /* Build configuration list for PBXNativeTarget "Project2STests" */ = {
			isa = XCConfigurationList;
			buildConfigurations = (
				06A6DD3D19BE1C9100527F99 /* Debug */,
				06A6DD3E19BE1C9100527F99 /* Release */,
			);
			defaultConfigurationIsVisible = 0;
		};
/* End XCConfigurationList section */
	};
	rootObject = 06A6DD1119BE1C9100527F99 /* Project object */;
}
